// !$*UTF8*$!
{
	archiveVersion = 1;
	classes = {
	};
	objectVersion = 52;
	objects = {

/* Begin PBXBuildFile section */
		B82F624325BC5864002FB145 /* AppDelegate.swift in Sources */ = {isa = PBXBuildFile; fileRef = B82F624225BC5864002FB145 /* AppDelegate.swift */; };
		B82F624525BC5864002FB145 /* SceneDelegate.swift in Sources */ = {isa = PBXBuildFile; fileRef = B82F624425BC5864002FB145 /* SceneDelegate.swift */; };
		B82F624725BC5864002FB145 /* ViewController.swift in Sources */ = {isa = PBXBuildFile; fileRef = B82F624625BC5864002FB145 /* ViewController.swift */; };
		B82F624A25BC5864002FB145 /* Main.storyboard in Resources */ = {isa = PBXBuildFile; fileRef = B82F624825BC5864002FB145 /* Main.storyboard */; };
		B82F624C25BC5868002FB145 /* Assets.xcassets in Resources */ = {isa = PBXBuildFile; fileRef = B82F624B25BC5868002FB145 /* Assets.xcassets */; };
		B82F624F25BC5868002FB145 /* LaunchScreen.storyboard in Resources */ = {isa = PBXBuildFile; fileRef = B82F624D25BC5868002FB145 /* LaunchScreen.storyboard */; };
		B82F625925BC5F5A002FB145 /* Bottomify in Frameworks */ = {isa = PBXBuildFile; productRef = B82F625825BC5F5A002FB145 /* Bottomify */; };
/* End PBXBuildFile section */

/* Begin PBXFileReference section */
		B82F623F25BC5864002FB145 /* BottomSwift-Example.app */ = {isa = PBXFileReference; explicitFileType = wrapper.application; includeInIndex = 0; path = "BottomSwift-Example.app"; sourceTree = BUILT_PRODUCTS_DIR; };
		B82F624225BC5864002FB145 /* AppDelegate.swift */ = {isa = PBXFileReference; lastKnownFileType = sourcecode.swift; path = AppDelegate.swift; sourceTree = "<group>"; };
		B82F624425BC5864002FB145 /* SceneDelegate.swift */ = {isa = PBXFileReference; lastKnownFileType = sourcecode.swift; path = SceneDelegate.swift; sourceTree = "<group>"; };
		B82F624625BC5864002FB145 /* ViewController.swift */ = {isa = PBXFileReference; lastKnownFileType = sourcecode.swift; path = ViewController.swift; sourceTree = "<group>"; };
		B82F624925BC5864002FB145 /* Base */ = {isa = PBXFileReference; lastKnownFileType = file.storyboard; name = Base; path = Base.lproj/Main.storyboard; sourceTree = "<group>"; };
		B82F624B25BC5868002FB145 /* Assets.xcassets */ = {isa = PBXFileReference; lastKnownFileType = folder.assetcatalog; path = Assets.xcassets; sourceTree = "<group>"; };
		B82F624E25BC5868002FB145 /* Base */ = {isa = PBXFileReference; lastKnownFileType = file.storyboard; name = Base; path = Base.lproj/LaunchScreen.storyboard; sourceTree = "<group>"; };
		B82F625025BC5868002FB145 /* Info.plist */ = {isa = PBXFileReference; lastKnownFileType = text.plist.xml; path = Info.plist; sourceTree = "<group>"; };
/* End PBXFileReference section */

/* Begin PBXFrameworksBuildPhase section */
		B82F623C25BC5864002FB145 /* Frameworks */ = {
			isa = PBXFrameworksBuildPhase;
			buildActionMask = 2147483647;
			files = (
				B82F625925BC5F5A002FB145 /* Bottomify in Frameworks */,
			);
			runOnlyForDeploymentPostprocessing = 0;
		};
/* End PBXFrameworksBuildPhase section */

/* Begin PBXGroup section */
		B82F623625BC5864002FB145 = {
			isa = PBXGroup;
			children = (
				B82F624125BC5864002FB145 /* BottomSwift-Example */,
				B82F624025BC5864002FB145 /* Products */,
			);
			sourceTree = "<group>";
		};
		B82F624025BC5864002FB145 /* Products */ = {
			isa = PBXGroup;
			children = (
				B82F623F25BC5864002FB145 /* BottomSwift-Example.app */,
			);
			name = Products;
			sourceTree = "<group>";
		};
		B82F624125BC5864002FB145 /* BottomSwift-Example */ = {
			isa = PBXGroup;
			children = (
				B82F624225BC5864002FB145 /* AppDelegate.swift */,
				B82F624425BC5864002FB145 /* SceneDelegate.swift */,
				B82F624625BC5864002FB145 /* ViewController.swift */,
				B82F624825BC5864002FB145 /* Main.storyboard */,
				B82F624B25BC5868002FB145 /* Assets.xcassets */,
				B82F624D25BC5868002FB145 /* LaunchScreen.storyboard */,
				B82F625025BC5868002FB145 /* Info.plist */,
			);
			path = "BottomSwift-Example";
			sourceTree = "<group>";
		};
/* End PBXGroup section */

/* Begin PBXNativeTarget section */
		B82F623E25BC5864002FB145 /* BottomSwift-Example */ = {
			isa = PBXNativeTarget;
			buildConfigurationList = B82F625325BC5868002FB145 /* Build configuration list for PBXNativeTarget "BottomSwift-Example" */;
			buildPhases = (
				B82F623B25BC5864002FB145 /* Sources */,
				B82F623C25BC5864002FB145 /* Frameworks */,
				B82F623D25BC5864002FB145 /* Resources */,
			);
			buildRules = (
			);
			dependencies = (
			);
			name = "BottomSwift-Example";
			packageProductDependencies = (
				B82F625825BC5F5A002FB145 /* Bottomify */,
			);
			productName = "BottomSwift-Example";
			productReference = B82F623F25BC5864002FB145 /* BottomSwift-Example.app */;
			productType = "com.apple.product-type.application";
		};
/* End PBXNativeTarget section */

/* Begin PBXProject section */
		B82F623725BC5864002FB145 /* Project object */ = {
			isa = PBXProject;
			attributes = {
				LastSwiftUpdateCheck = 1230;
				LastUpgradeCheck = 1230;
				TargetAttributes = {
					B82F623E25BC5864002FB145 = {
						CreatedOnToolsVersion = 12.3;
					};
				};
			};
			buildConfigurationList = B82F623A25BC5864002FB145 /* Build configuration list for PBXProject "BottomSwift-Example" */;
			compatibilityVersion = "Xcode 9.3";
			developmentRegion = en;
			hasScannedForEncodings = 0;
			knownRegions = (
				en,
				Base,
			);
			mainGroup = B82F623625BC5864002FB145;
			packageReferences = (
				B82F625725BC5F5A002FB145 /* XCRemoteSwiftPackageReference "bottom-swift" */,
			);
			productRefGroup = B82F624025BC5864002FB145 /* Products */;
			projectDirPath = "";
			projectRoot = "";
			targets = (
				B82F623E25BC5864002FB145 /* BottomSwift-Example */,
			);
		};
/* End PBXProject section */

/* Begin PBXResourcesBuildPhase section */
		B82F623D25BC5864002FB145 /* Resources */ = {
			isa = PBXResourcesBuildPhase;
			buildActionMask = 2147483647;
			files = (
				B82F624F25BC5868002FB145 /* LaunchScreen.storyboard in Resources */,
				B82F624C25BC5868002FB145 /* Assets.xcassets in Resources */,
				B82F624A25BC5864002FB145 /* Main.storyboard in Resources */,
			);
			runOnlyForDeploymentPostprocessing = 0;
		};
/* End PBXResourcesBuildPhase section */

/* Begin PBXSourcesBuildPhase section */
		B82F623B25BC5864002FB145 /* Sources */ = {
			isa = PBXSourcesBuildPhase;
			buildActionMask = 2147483647;
			files = (
				B82F624725BC5864002FB145 /* ViewController.swift in Sources */,
				B82F624325BC5864002FB145 /* AppDelegate.swift in Sources */,
				B82F624525BC5864002FB145 /* SceneDelegate.swift in Sources */,
			);
			runOnlyForDeploymentPostprocessing = 0;
		};
/* End PBXSourcesBuildPhase section */

/* Begin PBXVariantGroup section */
		B82F624825BC5864002FB145 /* Main.storyboard */ = {
			isa = PBXVariantGroup;
			children = (
				B82F624925BC5864002FB145 /* Base */,
			);
			name = Main.storyboard;
			sourceTree = "<group>";
		};
		B82F624D25BC5868002FB145 /* LaunchScreen.storyboard */ = {
			isa = PBXVariantGroup;
			children = (
				B82F624E25BC5868002FB145 /* Base */,
			);
			name = LaunchScreen.storyboard;
			sourceTree = "<group>";
		};
/* End PBXVariantGroup section */

/* Begin XCBuildConfiguration section */
		B82F625125BC5868002FB145 /* Debug */ = {
			isa = XCBuildConfiguration;
			buildSettings = {
				ALWAYS_SEARCH_USER_PATHS = NO;
				CLANG_ANALYZER_NONNULL = YES;
				CLANG_ANALYZER_NUMBER_OBJECT_CONVERSION = YES_AGGRESSIVE;
				CLANG_CXX_LANGUAGE_STANDARD = "gnu++14";
				CLANG_CXX_LIBRARY = "libc++";
				CLANG_ENABLE_MODULES = YES;
				CLANG_ENABLE_OBJC_ARC = YES;
				CLANG_ENABLE_OBJC_WEAK = YES;
				CLANG_WARN_BLOCK_CAPTURE_AUTORELEASING = YES;
				CLANG_WARN_BOOL_CONVERSION = YES;
				CLANG_WARN_COMMA = YES;
				CLANG_WARN_CONSTANT_CONVERSION = YES;
				CLANG_WARN_DEPRECATED_OBJC_IMPLEMENTATIONS = YES;
				CLANG_WARN_DIRECT_OBJC_ISA_USAGE = YES_ERROR;
				CLANG_WARN_DOCUMENTATION_COMMENTS = YES;
				CLANG_WARN_EMPTY_BODY = YES;
				CLANG_WARN_ENUM_CONVERSION = YES;
				CLANG_WARN_INFINITE_RECURSION = YES;
				CLANG_WARN_INT_CONVERSION = YES;
				CLANG_WARN_NON_LITERAL_NULL_CONVERSION = YES;
				CLANG_WARN_OBJC_IMPLICIT_RETAIN_SELF = YES;
				CLANG_WARN_OBJC_LITERAL_CONVERSION = YES;
				CLANG_WARN_OBJC_ROOT_CLASS = YES_ERROR;
				CLANG_WARN_QUOTED_INCLUDE_IN_FRAMEWORK_HEADER = YES;
				CLANG_WARN_RANGE_LOOP_ANALYSIS = YES;
				CLANG_WARN_STRICT_PROTOTYPES = YES;
				CLANG_WARN_SUSPICIOUS_MOVE = YES;
				CLANG_WARN_UNGUARDED_AVAILABILITY = YES_AGGRESSIVE;
				CLANG_WARN_UNREACHABLE_CODE = YES;
				CLANG_WARN__DUPLICATE_METHOD_MATCH = YES;
				COPY_PHASE_STRIP = NO;
				DEBUG_INFORMATION_FORMAT = dwarf;
				ENABLE_STRICT_OBJC_MSGSEND = YES;
				ENABLE_TESTABILITY = YES;
				GCC_C_LANGUAGE_STANDARD = gnu11;
				GCC_DYNAMIC_NO_PIC = NO;
				GCC_NO_COMMON_BLOCKS = YES;
				GCC_OPTIMIZATION_LEVEL = 0;
				GCC_PREPROCESSOR_DEFINITIONS = (
					"DEBUG=1",
					"$(inherited)",
				);
				GCC_WARN_64_TO_32_BIT_CONVERSION = YES;
				GCC_WARN_ABOUT_RETURN_TYPE = YES_ERROR;
				GCC_WARN_UNDECLARED_SELECTOR = YES;
				GCC_WARN_UNINITIALIZED_AUTOS = YES_AGGRESSIVE;
				GCC_WARN_UNUSED_FUNCTION = YES;
				GCC_WARN_UNUSED_VARIABLE = YES;
				IPHONEOS_DEPLOYMENT_TARGET = 14.3;
				MTL_ENABLE_DEBUG_INFO = INCLUDE_SOURCE;
				MTL_FAST_MATH = YES;
				ONLY_ACTIVE_ARCH = YES;
				SDKROOT = iphoneos;
				SWIFT_ACTIVE_COMPILATION_CONDITIONS = DEBUG;
				SWIFT_OPTIMIZATION_LEVEL = "-Onone";
			};
			name = Debug;
		};
		B82F625225BC5868002FB145 /* Release */ = {
			isa = XCBuildConfiguration;
			buildSettings = {
				ALWAYS_SEARCH_USER_PATHS = NO;
				CLANG_ANALYZER_NONNULL = YES;
				CLANG_ANALYZER_NUMBER_OBJECT_CONVERSION = YES_AGGRESSIVE;
				CLANG_CXX_LANGUAGE_STANDARD = "gnu++14";
				CLANG_CXX_LIBRARY = "libc++";
				CLANG_ENABLE_MODULES = YES;
				CLANG_ENABLE_OBJC_ARC = YES;
				CLANG_ENABLE_OBJC_WEAK = YES;
				CLANG_WARN_BLOCK_CAPTURE_AUTORELEASING = YES;
				CLANG_WARN_BOOL_CONVERSION = YES;
				CLANG_WARN_COMMA = YES;
				CLANG_WARN_CONSTANT_CONVERSION = YES;
				CLANG_WARN_DEPRECATED_OBJC_IMPLEMENTATIONS = YES;
				CLANG_WARN_DIRECT_OBJC_ISA_USAGE = YES_ERROR;
				CLANG_WARN_DOCUMENTATION_COMMENTS = YES;
				CLANG_WARN_EMPTY_BODY = YES;
				CLANG_WARN_ENUM_CONVERSION = YES;
				CLANG_WARN_INFINITE_RECURSION = YES;
				CLANG_WARN_INT_CONVERSION = YES;
				CLANG_WARN_NON_LITERAL_NULL_CONVERSION = YES;
				CLANG_WARN_OBJC_IMPLICIT_RETAIN_SELF = YES;
				CLANG_WARN_OBJC_LITERAL_CONVERSION = YES;
				CLANG_WARN_OBJC_ROOT_CLASS = YES_ERROR;
				CLANG_WARN_QUOTED_INCLUDE_IN_FRAMEWORK_HEADER = YES;
				CLANG_WARN_RANGE_LOOP_ANALYSIS = YES;
				CLANG_WARN_STRICT_PROTOTYPES = YES;
				CLANG_WARN_SUSPICIOUS_MOVE = YES;
				CLANG_WARN_UNGUARDED_AVAILABILITY = YES_AGGRESSIVE;
				CLANG_WARN_UNREACHABLE_CODE = YES;
				CLANG_WARN__DUPLICATE_METHOD_MATCH = YES;
				COPY_PHASE_STRIP = NO;
				DEBUG_INFORMATION_FORMAT = "dwarf-with-dsym";
				ENABLE_NS_ASSERTIONS = NO;
				ENABLE_STRICT_OBJC_MSGSEND = YES;
				GCC_C_LANGUAGE_STANDARD = gnu11;
				GCC_NO_COMMON_BLOCKS = YES;
				GCC_WARN_64_TO_32_BIT_CONVERSION = YES;
				GCC_WARN_ABOUT_RETURN_TYPE = YES_ERROR;
				GCC_WARN_UNDECLARED_SELECTOR = YES;
				GCC_WARN_UNINITIALIZED_AUTOS = YES_AGGRESSIVE;
				GCC_WARN_UNUSED_FUNCTION = YES;
				GCC_WARN_UNUSED_VARIABLE = YES;
				IPHONEOS_DEPLOYMENT_TARGET = 14.3;
				MTL_ENABLE_DEBUG_INFO = NO;
				MTL_FAST_MATH = YES;
				SDKROOT = iphoneos;
				SWIFT_COMPILATION_MODE = wholemodule;
				SWIFT_OPTIMIZATION_LEVEL = "-O";
				VALIDATE_PRODUCT = YES;
			};
			name = Release;
		};
		B82F625425BC5868002FB145 /* Debug */ = {
			isa = XCBuildConfiguration;
			buildSettings = {
				ASSETCATALOG_COMPILER_APPICON_NAME = AppIcon;
				ASSETCATALOG_COMPILER_GLOBAL_ACCENT_COLOR_NAME = AccentColor;
				CODE_SIGN_STYLE = Automatic;
				DEVELOPMENT_TEAM = ZR828QFWZF;
				INFOPLIST_FILE = "BottomSwift-Example/Info.plist";
				LD_RUNPATH_SEARCH_PATHS = (
					"$(inherited)",
					"@executable_path/Frameworks",
				);
				PRODUCT_BUNDLE_IDENTIFIER = "live.ilyusha.BottomSwift-Example";
				PRODUCT_NAME = "$(TARGET_NAME)";
				SWIFT_VERSION = 5.0;
				TARGETED_DEVICE_FAMILY = "1,2";
			};
			name = Debug;
		};
		B82F625525BC5868002FB145 /* Release */ = {
			isa = XCBuildConfiguration;
			buildSettings = {
				ASSETCATALOG_COMPILER_APPICON_NAME = AppIcon;
				ASSETCATALOG_COMPILER_GLOBAL_ACCENT_COLOR_NAME = AccentColor;
				CODE_SIGN_STYLE = Automatic;
				DEVELOPMENT_TEAM = ZR828QFWZF;
				INFOPLIST_FILE = "BottomSwift-Example/Info.plist";
				LD_RUNPATH_SEARCH_PATHS = (
					"$(inherited)",
					"@executable_path/Frameworks",
				);
				PRODUCT_BUNDLE_IDENTIFIER = "live.ilyusha.BottomSwift-Example";
				PRODUCT_NAME = "$(TARGET_NAME)";
				SWIFT_VERSION = 5.0;
				TARGETED_DEVICE_FAMILY = "1,2";
			};
			name = Release;
		};
/* End XCBuildConfiguration section */

/* Begin XCConfigurationList section */
		B82F623A25BC5864002FB145 /* Build configuration list for PBXProject "BottomSwift-Example" */ = {
			isa = XCConfigurationList;
			buildConfigurations = (
				B82F625125BC5868002FB145 /* Debug */,
				B82F625225BC5868002FB145 /* Release */,
			);
			defaultConfigurationIsVisible = 0;
			defaultConfigurationName = Release;
		};
		B82F625325BC5868002FB145 /* Build configuration list for PBXNativeTarget "BottomSwift-Example" */ = {
			isa = XCConfigurationList;
			buildConfigurations = (
				B82F625425BC5868002FB145 /* Debug */,
				B82F625525BC5868002FB145 /* Release */,
			);
			defaultConfigurationIsVisible = 0;
			defaultConfigurationName = Release;
		};
/* End XCConfigurationList section */

/* Begin XCRemoteSwiftPackageReference section */
		B82F625725BC5F5A002FB145 /* XCRemoteSwiftPackageReference "bottom-swift" */ = {
			isa = XCRemoteSwiftPackageReference;
			repositoryURL = "https://github.com/bottom-software-foundation/bottom-swift";
			requirement = {
				kind = upToNextMajorVersion;
				minimumVersion = 0.0.4;
			};
		};
/* End XCRemoteSwiftPackageReference section */

/* Begin XCSwiftPackageProductDependency section */
		B82F625825BC5F5A002FB145 /* Bottomify */ = {
			isa = XCSwiftPackageProductDependency;
			package = B82F625725BC5F5A002FB145 /* XCRemoteSwiftPackageReference "bottom-swift" */;
			productName = Bottomify;
		};
/* End XCSwiftPackageProductDependency section */
	};
	rootObject = B82F623725BC5864002FB145 /* Project object */;
}
